
Microsoft Visual Studio Solution File, Format Version 12.00
# Visual Studio Version 17
VisualStudioVersion = 17.8.34316.72
MinimumVisualStudioVersion = 10.0.40219.1
Project("{9A19103F-16F7-4668-BE54-9A1E7A4F7556}") = "BookstoreWebAPI", "SE100_BookstoreWebAPI\BookstoreWebAPI.csproj", "{1622DD5E-628F-46FB-8D3D-D83E8FE5DC7A}"
EndProject
Project("{9A19103F-16F7-4668-BE54-9A1E7A4F7556}") = "ChangeFeedCatchFunction", "ChangeFeedCatchFunction\ChangeFeedCatchFunction.csproj", "{FB1C0973-AC13-4344-8AF7-11966285F002}"
EndProject
Global
	GlobalSection(SolutionConfigurationPlatforms) = preSolution
		Debug|Any CPU = Debug|Any CPU
		Release|Any CPU = Release|Any CPU
	EndGlobalSection
	GlobalSection(ProjectConfigurationPlatforms) = postSolution
		{1622DD5E-628F-46FB-8D3D-D83E8FE5DC7A}.Debug|Any CPU.ActiveCfg = Debug|Any CPU
		{1622DD5E-628F-46FB-8D3D-D83E8FE5DC7A}.Debug|Any CPU.Build.0 = Debug|Any CPU
		{1622DD5E-628F-46FB-8D3D-D83E8FE5DC7A}.Release|Any CPU.ActiveCfg = Release|Any CPU
		{1622DD5E-628F-46FB-8D3D-D83E8FE5DC7A}.Release|Any CPU.Build.0 = Release|Any CPU
		{FB1C0973-AC13-4344-8AF7-11966285F002}.Debug|Any CPU.ActiveCfg = Debug|Any CPU
		{FB1C0973-AC13-4344-8AF7-11966285F002}.Debug|Any CPU.Build.0 = Debug|Any CPU
		{FB1C0973-AC13-4344-8AF7-11966285F002}.Release|Any CPU.ActiveCfg = Release|Any CPU
		{FB1C0973-AC13-4344-8AF7-11966285F002}.Release|Any CPU.Build.0 = Release|Any CPU
	EndGlobalSection
	GlobalSection(SolutionProperties) = preSolution
		HideSolutionNode = FALSE
	EndGlobalSection
	GlobalSection(ExtensibilityGlobals) = postSolution
		SolutionGuid = {557B05C1-294B-4B54-8EAE-7BDF0896F7DC}
	EndGlobalSection
EndGlobal
